// !$*UTF8*$!
{
	archiveVersion = 1;
	classes = {
	};
	objectVersion = 46;
	objects = {

/* Begin PBXBuildFile section */
		9D97715B1ED41BB9005EAC95 /* main.m in Sources */ = {isa = PBXBuildFile; fileRef = 9D97715A1ED41BB9005EAC95 /* main.m */; };
		9D97715E1ED41BB9005EAC95 /* AppDelegate.m in Sources */ = {isa = PBXBuildFile; fileRef = 9D97715D1ED41BB9005EAC95 /* AppDelegate.m */; };
		9D9771611ED41BB9005EAC95 /* ViewController.m in Sources */ = {isa = PBXBuildFile; fileRef = 9D9771601ED41BB9005EAC95 /* ViewController.m */; };
		9D9771641ED41BB9005EAC95 /* Main.storyboard in Resources */ = {isa = PBXBuildFile; fileRef = 9D9771621ED41BB9005EAC95 /* Main.storyboard */; };
		9D9771661ED41BB9005EAC95 /* Assets.xcassets in Resources */ = {isa = PBXBuildFile; fileRef = 9D9771651ED41BB9005EAC95 /* Assets.xcassets */; };
		9D9771691ED41BB9005EAC95 /* LaunchScreen.storyboard in Resources */ = {isa = PBXBuildFile; fileRef = 9D9771671ED41BB9005EAC95 /* LaunchScreen.storyboard */; };
		9D9771741ED41BB9005EAC95 /* MyWorShipTests.m in Sources */ = {isa = PBXBuildFile; fileRef = 9D9771731ED41BB9005EAC95 /* MyWorShipTests.m */; };
		9D97717F1ED41BB9005EAC95 /* MyWorShipUITests.m in Sources */ = {isa = PBXBuildFile; fileRef = 9D97717E1ED41BB9005EAC95 /* MyWorShipUITests.m */; };
		9D97718F1ED42D49005EAC95 /* MyClass.m in Sources */ = {isa = PBXBuildFile; fileRef = 9D97718E1ED42D49005EAC95 /* MyClass.m */; };
		9D9771931ED42D72005EAC95 /* HomeViewController.m in Sources */ = {isa = PBXBuildFile; fileRef = 9D9771921ED42D72005EAC95 /* HomeViewController.m */; };
		9D9771B81ED4331B005EAC95 /* btn_scan.png in Resources */ = {isa = PBXBuildFile; fileRef = 9D9771961ED4331B005EAC95 /* btn_scan.png */; };
		9D9771B91ED4331B005EAC95 /* btn_scan@2x.png in Resources */ = {isa = PBXBuildFile; fileRef = 9D9771971ED4331B005EAC95 /* btn_scan@2x.png */; };
		9D9771BA1ED4331B005EAC95 /* btn_scan@3x.png in Resources */ = {isa = PBXBuildFile; fileRef = 9D9771981ED4331B005EAC95 /* btn_scan@3x.png */; };
		9D9771BB1ED4331B005EAC95 /* icon_dingwei.png in Resources */ = {isa = PBXBuildFile; fileRef = 9D9771991ED4331B005EAC95 /* icon_dingwei.png */; };
		9D9771BC1ED4331B005EAC95 /* icon_dingwei@2x.png in Resources */ = {isa = PBXBuildFile; fileRef = 9D97719A1ED4331B005EAC95 /* icon_dingwei@2x.png */; };
		9D9771BD1ED4331B005EAC95 /* icon_dingwei@3x.png in Resources */ = {isa = PBXBuildFile; fileRef = 9D97719B1ED4331B005EAC95 /* icon_dingwei@3x.png */; };
		9D9771BE1ED4331B005EAC95 /* icon_down.png in Resources */ = {isa = PBXBuildFile; fileRef = 9D97719C1ED4331B005EAC95 /* icon_down.png */; };
		9D9771BF1ED4331B005EAC95 /* icon_down@2x.png in Resources */ = {isa = PBXBuildFile; fileRef = 9D97719D1ED4331B005EAC95 /* icon_down@2x.png */; };
		9D9771C01ED4331B005EAC95 /* icon_down@3x.png in Resources */ = {isa = PBXBuildFile; fileRef = 9D97719E1ED4331B005EAC95 /* icon_down@3x.png */; };
		9D9771C11ED4331B005EAC95 /* icon_fankui.png in Resources */ = {isa = PBXBuildFile; fileRef = 9D97719F1ED4331B005EAC95 /* icon_fankui.png */; };
		9D9771C21ED4331B005EAC95 /* icon_fankui@2x.png in Resources */ = {isa = PBXBuildFile; fileRef = 9D9771A01ED4331B005EAC95 /* icon_fankui@2x.png */; };
		9D9771C31ED4331B005EAC95 /* icon_fankui@3x.png in Resources */ = {isa = PBXBuildFile; fileRef = 9D9771A11ED4331B005EAC95 /* icon_fankui@3x.png */; };
		9D9771C41ED4331B005EAC95 /* icon_location.png in Resources */ = {isa = PBXBuildFile; fileRef = 9D9771A21ED4331B005EAC95 /* icon_location.png */; };
		9D9771C51ED4331B005EAC95 /* icon_location@2x.png in Resources */ = {isa = PBXBuildFile; fileRef = 9D9771A31ED4331B005EAC95 /* icon_location@2x.png */; };
		9D9771C61ED4331B005EAC95 /* icon_location@3x.png in Resources */ = {isa = PBXBuildFile; fileRef = 9D9771A41ED4331B005EAC95 /* icon_location@3x.png */; };
		9D9771C71ED4331B005EAC95 /* icon_mine.png in Resources */ = {isa = PBXBuildFile; fileRef = 9D9771A51ED4331B005EAC95 /* icon_mine.png */; };
		9D9771C81ED4331B005EAC95 /* icon_mine@2x.png in Resources */ = {isa = PBXBuildFile; fileRef = 9D9771A61ED4331B005EAC95 /* icon_mine@2x.png */; };
		9D9771C91ED4331B005EAC95 /* icon_mine@3x.png in Resources */ = {isa = PBXBuildFile; fileRef = 9D9771A71ED4331B005EAC95 /* icon_mine@3x.png */; };
		9D9771CA1ED4331B005EAC95 /* icon_place.png in Resources */ = {isa = PBXBuildFile; fileRef = 9D9771A81ED4331B005EAC95 /* icon_place.png */; };
		9D9771CB1ED4331B005EAC95 /* icon_place@2x.png in Resources */ = {isa = PBXBuildFile; fileRef = 9D9771A91ED4331B005EAC95 /* icon_place@2x.png */; };
		9D9771CC1ED4331B005EAC95 /* icon_place@3x.png in Resources */ = {isa = PBXBuildFile; fileRef = 9D9771AA1ED4331B005EAC95 /* icon_place@3x.png */; };
		9D9771CD1ED4331B005EAC95 /* icon_saoyisao.png in Resources */ = {isa = PBXBuildFile; fileRef = 9D9771AB1ED4331B005EAC95 /* icon_saoyisao.png */; };
		9D9771CE1ED4331B005EAC95 /* icon_saoyisao@2x.png in Resources */ = {isa = PBXBuildFile; fileRef = 9D9771AC1ED4331B005EAC95 /* icon_saoyisao@2x.png */; };
		9D9771CF1ED4331B005EAC95 /* icon_saoyisao@3x.png in Resources */ = {isa = PBXBuildFile; fileRef = 9D9771AD1ED4331B005EAC95 /* icon_saoyisao@3x.png */; };
		9D9771D01ED4331B005EAC95 /* icon_youhui.png in Resources */ = {isa = PBXBuildFile; fileRef = 9D9771AE1ED4331B005EAC95 /* icon_youhui.png */; };
		9D9771D11ED4331B005EAC95 /* icon_youhui@2x.png in Resources */ = {isa = PBXBuildFile; fileRef = 9D9771AF1ED4331B005EAC95 /* icon_youhui@2x.png */; };
		9D9771D21ED4331B005EAC95 /* icon_youhui@3x.png in Resources */ = {isa = PBXBuildFile; fileRef = 9D9771B01ED4331B005EAC95 /* icon_youhui@3x.png */; };
		9D9771D31ED4331B005EAC95 /* icon_zuobiao.png in Resources */ = {isa = PBXBuildFile; fileRef = 9D9771B11ED4331B005EAC95 /* icon_zuobiao.png */; };
		9D9771D41ED4331B005EAC95 /* icon_zuobiao@2x.png in Resources */ = {isa = PBXBuildFile; fileRef = 9D9771B21ED4331B005EAC95 /* icon_zuobiao@2x.png */; };
		9D9771D51ED4331B005EAC95 /* icon_zuobiao@3x.png in Resources */ = {isa = PBXBuildFile; fileRef = 9D9771B31ED4331B005EAC95 /* icon_zuobiao@3x.png */; };
		9D9771D61ED4331B005EAC95 /* shape_unfold.png in Resources */ = {isa = PBXBuildFile; fileRef = 9D9771B41ED4331B005EAC95 /* shape_unfold.png */; };
		9D9771D71ED4331B005EAC95 /* shape_unfold@2x.png in Resources */ = {isa = PBXBuildFile; fileRef = 9D9771B51ED4331B005EAC95 /* shape_unfold@2x.png */; };
		9D9771D81ED4331B005EAC95 /* shape_unfold@3x.png in Resources */ = {isa = PBXBuildFile; fileRef = 9D9771B61ED4331B005EAC95 /* shape_unfold@3x.png */; };
		9D9771D91ED4331B005EAC95 /* 首页_展开_parker.png in Resources */ = {isa = PBXBuildFile; fileRef = 9D9771B71ED4331B005EAC95 /* 首页_展开_parker.png */; };
		9D9771DD1ED4348B005EAC95 /* MyButton.m in Sources */ = {isa = PBXBuildFile; fileRef = 9D9771DC1ED4348B005EAC95 /* MyButton.m */; };
		9D9771E01ED437A3005EAC95 /* LocationAnnotationView.m in Sources */ = {isa = PBXBuildFile; fileRef = 9D9771DF1ED437A3005EAC95 /* LocationAnnotationView.m */; };
		9D9771E31ED43AEA005EAC95 /* MyImage.m in Sources */ = {isa = PBXBuildFile; fileRef = 9D9771E21ED43AEA005EAC95 /* MyImage.m */; };
		9D9771ED1ED5281D005EAC95 /* icon_up.png in Resources */ = {isa = PBXBuildFile; fileRef = 9D9771E41ED5281D005EAC95 /* icon_up.png */; };
		9D9771EE1ED5281D005EAC95 /* icon_up@2x.png in Resources */ = {isa = PBXBuildFile; fileRef = 9D9771E51ED5281D005EAC95 /* icon_up@2x.png */; };
		9D9771EF1ED5281D005EAC95 /* icon_up@3x.png in Resources */ = {isa = PBXBuildFile; fileRef = 9D9771E61ED5281D005EAC95 /* icon_up@3x.png */; };
		9D9771F01ED5281D005EAC95 /* shape_fold.png in Resources */ = {isa = PBXBuildFile; fileRef = 9D9771E71ED5281D005EAC95 /* shape_fold.png */; };
		9D9771F11ED5281D005EAC95 /* shape_fold@2x.png in Resources */ = {isa = PBXBuildFile; fileRef = 9D9771E81ED5281D005EAC95 /* shape_fold@2x.png */; };
		9D9771F21ED5281D005EAC95 /* shape_fold@3x.png in Resources */ = {isa = PBXBuildFile; fileRef = 9D9771E91ED5281D005EAC95 /* shape_fold@3x.png */; };
		9D9771F31ED5281D005EAC95 /* tips_youhui.png in Resources */ = {isa = PBXBuildFile; fileRef = 9D9771EA1ED5281D005EAC95 /* tips_youhui.png */; };
		9D9771F41ED5281D005EAC95 /* tips_youhui@2x.png in Resources */ = {isa = PBXBuildFile; fileRef = 9D9771EB1ED5281D005EAC95 /* tips_youhui@2x.png */; };
		9D9771F51ED5281D005EAC95 /* tips_youhui@3x.png in Resources */ = {isa = PBXBuildFile; fileRef = 9D9771EC1ED5281D005EAC95 /* tips_youhui@3x.png */; };
		F03DFB4F8BA6C4BBBE633D48 /* libPods-MyWorShip.a in Frameworks */ = {isa = PBXBuildFile; fileRef = 8A10E7D0553C7BC98CFE26DD /* libPods-MyWorShip.a */; };
/* End PBXBuildFile section */

/* Begin PBXContainerItemProxy section */
		9D9771701ED41BB9005EAC95 /* PBXContainerItemProxy */ = {
			isa = PBXContainerItemProxy;
			containerPortal = 9D97714E1ED41BB9005EAC95 /* Project object */;
			proxyType = 1;
			remoteGlobalIDString = 9D9771551ED41BB9005EAC95;
			remoteInfo = MyWorShip;
		};
		9D97717B1ED41BB9005EAC95 /* PBXContainerItemProxy */ = {
			isa = PBXContainerItemProxy;
			containerPortal = 9D97714E1ED41BB9005EAC95 /* Project object */;
			proxyType = 1;
			remoteGlobalIDString = 9D9771551ED41BB9005EAC95;
			remoteInfo = MyWorShip;
		};
/* End PBXContainerItemProxy section */

/* Begin PBXFileReference section */
		8A10E7D0553C7BC98CFE26DD /* libPods-MyWorShip.a */ = {isa = PBXFileReference; explicitFileType = archive.ar; includeInIndex = 0; path = "libPods-MyWorShip.a"; sourceTree = BUILT_PRODUCTS_DIR; };
		9D9771561ED41BB9005EAC95 /* MyWorShip.app */ = {isa = PBXFileReference; explicitFileType = wrapper.application; includeInIndex = 0; path = MyWorShip.app; sourceTree = BUILT_PRODUCTS_DIR; };
		9D97715A1ED41BB9005EAC95 /* main.m */ = {isa = PBXFileReference; lastKnownFileType = sourcecode.c.objc; path = main.m; sourceTree = "<group>"; };
		9D97715C1ED41BB9005EAC95 /* AppDelegate.h */ = {isa = PBXFileReference; lastKnownFileType = sourcecode.c.h; path = AppDelegate.h; sourceTree = "<group>"; };
		9D97715D1ED41BB9005EAC95 /* AppDelegate.m */ = {isa = PBXFileReference; lastKnownFileType = sourcecode.c.objc; path = AppDelegate.m; sourceTree = "<group>"; };
		9D97715F1ED41BB9005EAC95 /* ViewController.h */ = {isa = PBXFileReference; lastKnownFileType = sourcecode.c.h; path = ViewController.h; sourceTree = "<group>"; };
		9D9771601ED41BB9005EAC95 /* ViewController.m */ = {isa = PBXFileReference; lastKnownFileType = sourcecode.c.objc; path = ViewController.m; sourceTree = "<group>"; };
		9D9771631ED41BB9005EAC95 /* Base */ = {isa = PBXFileReference; lastKnownFileType = file.storyboard; name = Base; path = Base.lproj/Main.storyboard; sourceTree = "<group>"; };
		9D9771651ED41BB9005EAC95 /* Assets.xcassets */ = {isa = PBXFileReference; lastKnownFileType = folder.assetcatalog; path = Assets.xcassets; sourceTree = "<group>"; };
		9D9771681ED41BB9005EAC95 /* Base */ = {isa = PBXFileReference; lastKnownFileType = file.storyboard; name = Base; path = Base.lproj/LaunchScreen.storyboard; sourceTree = "<group>"; };
		9D97716A1ED41BB9005EAC95 /* Info.plist */ = {isa = PBXFileReference; lastKnownFileType = text.plist.xml; path = Info.plist; sourceTree = "<group>"; };
		9D97716F1ED41BB9005EAC95 /* MyWorShipTests.xctest */ = {isa = PBXFileReference; explicitFileType = wrapper.cfbundle; includeInIndex = 0; path = MyWorShipTests.xctest; sourceTree = BUILT_PRODUCTS_DIR; };
		9D9771731ED41BB9005EAC95 /* MyWorShipTests.m */ = {isa = PBXFileReference; lastKnownFileType = sourcecode.c.objc; path = MyWorShipTests.m; sourceTree = "<group>"; };
		9D9771751ED41BB9005EAC95 /* Info.plist */ = {isa = PBXFileReference; lastKnownFileType = text.plist.xml; path = Info.plist; sourceTree = "<group>"; };
		9D97717A1ED41BB9005EAC95 /* MyWorShipUITests.xctest */ = {isa = PBXFileReference; explicitFileType = wrapper.cfbundle; includeInIndex = 0; path = MyWorShipUITests.xctest; sourceTree = BUILT_PRODUCTS_DIR; };
		9D97717E1ED41BB9005EAC95 /* MyWorShipUITests.m */ = {isa = PBXFileReference; lastKnownFileType = sourcecode.c.objc; path = MyWorShipUITests.m; sourceTree = "<group>"; };
		9D9771801ED41BB9005EAC95 /* Info.plist */ = {isa = PBXFileReference; lastKnownFileType = text.plist.xml; path = Info.plist; sourceTree = "<group>"; };
		9D97718C1ED42989005EAC95 /* MyPCH.pch */ = {isa = PBXFileReference; fileEncoding = 4; lastKnownFileType = sourcecode.c.h; path = MyPCH.pch; sourceTree = "<group>"; };
		9D97718D1ED42D49005EAC95 /* MyClass.h */ = {isa = PBXFileReference; fileEncoding = 4; lastKnownFileType = sourcecode.c.h; path = MyClass.h; sourceTree = "<group>"; };
		9D97718E1ED42D49005EAC95 /* MyClass.m */ = {isa = PBXFileReference; fileEncoding = 4; lastKnownFileType = sourcecode.c.objc; path = MyClass.m; sourceTree = "<group>"; };
		9D9771911ED42D72005EAC95 /* HomeViewController.h */ = {isa = PBXFileReference; fileEncoding = 4; lastKnownFileType = sourcecode.c.h; path = HomeViewController.h; sourceTree = "<group>"; };
		9D9771921ED42D72005EAC95 /* HomeViewController.m */ = {isa = PBXFileReference; fileEncoding = 4; lastKnownFileType = sourcecode.c.objc; path = HomeViewController.m; sourceTree = "<group>"; };
		9D9771961ED4331B005EAC95 /* btn_scan.png */ = {isa = PBXFileReference; lastKnownFileType = image.png; path = btn_scan.png; sourceTree = "<group>"; };
		9D9771971ED4331B005EAC95 /* btn_scan@2x.png */ = {isa = PBXFileReference; lastKnownFileType = image.png; path = "btn_scan@2x.png"; sourceTree = "<group>"; };
		9D9771981ED4331B005EAC95 /* btn_scan@3x.png */ = {isa = PBXFileReference; lastKnownFileType = image.png; path = "btn_scan@3x.png"; sourceTree = "<group>"; };
		9D9771991ED4331B005EAC95 /* icon_dingwei.png */ = {isa = PBXFileReference; lastKnownFileType = image.png; path = icon_dingwei.png; sourceTree = "<group>"; };
		9D97719A1ED4331B005EAC95 /* icon_dingwei@2x.png */ = {isa = PBXFileReference; lastKnownFileType = image.png; path = "icon_dingwei@2x.png"; sourceTree = "<group>"; };
		9D97719B1ED4331B005EAC95 /* icon_dingwei@3x.png */ = {isa = PBXFileReference; lastKnownFileType = image.png; path = "icon_dingwei@3x.png"; sourceTree = "<group>"; };
		9D97719C1ED4331B005EAC95 /* icon_down.png */ = {isa = PBXFileReference; lastKnownFileType = image.png; path = icon_down.png; sourceTree = "<group>"; };
		9D97719D1ED4331B005EAC95 /* icon_down@2x.png */ = {isa = PBXFileReference; lastKnownFileType = image.png; path = "icon_down@2x.png"; sourceTree = "<group>"; };
		9D97719E1ED4331B005EAC95 /* icon_down@3x.png */ = {isa = PBXFileReference; lastKnownFileType = image.png; path = "icon_down@3x.png"; sourceTree = "<group>"; };
		9D97719F1ED4331B005EAC95 /* icon_fankui.png */ = {isa = PBXFileReference; lastKnownFileType = image.png; path = icon_fankui.png; sourceTree = "<group>"; };
		9D9771A01ED4331B005EAC95 /* icon_fankui@2x.png */ = {isa = PBXFileReference; lastKnownFileType = image.png; path = "icon_fankui@2x.png"; sourceTree = "<group>"; };
		9D9771A11ED4331B005EAC95 /* icon_fankui@3x.png */ = {isa = PBXFileReference; lastKnownFileType = image.png; path = "icon_fankui@3x.png"; sourceTree = "<group>"; };
		9D9771A21ED4331B005EAC95 /* icon_location.png */ = {isa = PBXFileReference; lastKnownFileType = image.png; path = icon_location.png; sourceTree = "<group>"; };
		9D9771A31ED4331B005EAC95 /* icon_location@2x.png */ = {isa = PBXFileReference; lastKnownFileType = image.png; path = "icon_location@2x.png"; sourceTree = "<group>"; };
		9D9771A41ED4331B005EAC95 /* icon_location@3x.png */ = {isa = PBXFileReference; lastKnownFileType = image.png; path = "icon_location@3x.png"; sourceTree = "<group>"; };
		9D9771A51ED4331B005EAC95 /* icon_mine.png */ = {isa = PBXFileReference; lastKnownFileType = image.png; path = icon_mine.png; sourceTree = "<group>"; };
		9D9771A61ED4331B005EAC95 /* icon_mine@2x.png */ = {isa = PBXFileReference; lastKnownFileType = image.png; path = "icon_mine@2x.png"; sourceTree = "<group>"; };
		9D9771A71ED4331B005EAC95 /* icon_mine@3x.png */ = {isa = PBXFileReference; lastKnownFileType = image.png; path = "icon_mine@3x.png"; sourceTree = "<group>"; };
		9D9771A81ED4331B005EAC95 /* icon_place.png */ = {isa = PBXFileReference; lastKnownFileType = image.png; path = icon_place.png; sourceTree = "<group>"; };
		9D9771A91ED4331B005EAC95 /* icon_place@2x.png */ = {isa = PBXFileReference; lastKnownFileType = image.png; path = "icon_place@2x.png"; sourceTree = "<group>"; };
		9D9771AA1ED4331B005EAC95 /* icon_place@3x.png */ = {isa = PBXFileReference; lastKnownFileType = image.png; path = "icon_place@3x.png"; sourceTree = "<group>"; };
		9D9771AB1ED4331B005EAC95 /* icon_saoyisao.png */ = {isa = PBXFileReference; lastKnownFileType = image.png; path = icon_saoyisao.png; sourceTree = "<group>"; };
		9D9771AC1ED4331B005EAC95 /* icon_saoyisao@2x.png */ = {isa = PBXFileReference; lastKnownFileType = image.png; path = "icon_saoyisao@2x.png"; sourceTree = "<group>"; };
		9D9771AD1ED4331B005EAC95 /* icon_saoyisao@3x.png */ = {isa = PBXFileReference; lastKnownFileType = image.png; path = "icon_saoyisao@3x.png"; sourceTree = "<group>"; };
		9D9771AE1ED4331B005EAC95 /* icon_youhui.png */ = {isa = PBXFileReference; lastKnownFileType = image.png; path = icon_youhui.png; sourceTree = "<group>"; };
		9D9771AF1ED4331B005EAC95 /* icon_youhui@2x.png */ = {isa = PBXFileReference; lastKnownFileType = image.png; path = "icon_youhui@2x.png"; sourceTree = "<group>"; };
		9D9771B01ED4331B005EAC95 /* icon_youhui@3x.png */ = {isa = PBXFileReference; lastKnownFileType = image.png; path = "icon_youhui@3x.png"; sourceTree = "<group>"; };
		9D9771B11ED4331B005EAC95 /* icon_zuobiao.png */ = {isa = PBXFileReference; lastKnownFileType = image.png; path = icon_zuobiao.png; sourceTree = "<group>"; };
		9D9771B21ED4331B005EAC95 /* icon_zuobiao@2x.png */ = {isa = PBXFileReference; lastKnownFileType = image.png; path = "icon_zuobiao@2x.png"; sourceTree = "<group>"; };
		9D9771B31ED4331B005EAC95 /* icon_zuobiao@3x.png */ = {isa = PBXFileReference; lastKnownFileType = image.png; path = "icon_zuobiao@3x.png"; sourceTree = "<group>"; };
		9D9771B41ED4331B005EAC95 /* shape_unfold.png */ = {isa = PBXFileReference; lastKnownFileType = image.png; path = shape_unfold.png; sourceTree = "<group>"; };
		9D9771B51ED4331B005EAC95 /* shape_unfold@2x.png */ = {isa = PBXFileReference; lastKnownFileType = image.png; path = "shape_unfold@2x.png"; sourceTree = "<group>"; };
		9D9771B61ED4331B005EAC95 /* shape_unfold@3x.png */ = {isa = PBXFileReference; lastKnownFileType = image.png; path = "shape_unfold@3x.png"; sourceTree = "<group>"; };
		9D9771B71ED4331B005EAC95 /* 首页_展开_parker.png */ = {isa = PBXFileReference; lastKnownFileType = image.png; path = "首页_展开_parker.png"; sourceTree = "<group>"; };
		9D9771DB1ED4348B005EAC95 /* MyButton.h */ = {isa = PBXFileReference; fileEncoding = 4; lastKnownFileType = sourcecode.c.h; path = MyButton.h; sourceTree = "<group>"; };
		9D9771DC1ED4348B005EAC95 /* MyButton.m */ = {isa = PBXFileReference; fileEncoding = 4; lastKnownFileType = sourcecode.c.objc; path = MyButton.m; sourceTree = "<group>"; };
		9D9771DE1ED437A3005EAC95 /* LocationAnnotationView.h */ = {isa = PBXFileReference; fileEncoding = 4; lastKnownFileType = sourcecode.c.h; path = LocationAnnotationView.h; sourceTree = "<group>"; };
		9D9771DF1ED437A3005EAC95 /* LocationAnnotationView.m */ = {isa = PBXFileReference; fileEncoding = 4; lastKnownFileType = sourcecode.c.objc; path = LocationAnnotationView.m; sourceTree = "<group>"; };
		9D9771E11ED43AEA005EAC95 /* MyImage.h */ = {isa = PBXFileReference; fileEncoding = 4; lastKnownFileType = sourcecode.c.h; path = MyImage.h; sourceTree = "<group>"; };
		9D9771E21ED43AEA005EAC95 /* MyImage.m */ = {isa = PBXFileReference; fileEncoding = 4; lastKnownFileType = sourcecode.c.objc; path = MyImage.m; sourceTree = "<group>"; };
		9D9771E41ED5281D005EAC95 /* icon_up.png */ = {isa = PBXFileReference; lastKnownFileType = image.png; name = icon_up.png; path = ../icon_up.png; sourceTree = "<group>"; };
		9D9771E51ED5281D005EAC95 /* icon_up@2x.png */ = {isa = PBXFileReference; lastKnownFileType = image.png; name = "icon_up@2x.png"; path = "../icon_up@2x.png"; sourceTree = "<group>"; };
		9D9771E61ED5281D005EAC95 /* icon_up@3x.png */ = {isa = PBXFileReference; lastKnownFileType = image.png; name = "icon_up@3x.png"; path = "../icon_up@3x.png"; sourceTree = "<group>"; };
		9D9771E71ED5281D005EAC95 /* shape_fold.png */ = {isa = PBXFileReference; lastKnownFileType = image.png; name = shape_fold.png; path = ../shape_fold.png; sourceTree = "<group>"; };
		9D9771E81ED5281D005EAC95 /* shape_fold@2x.png */ = {isa = PBXFileReference; lastKnownFileType = image.png; name = "shape_fold@2x.png"; path = "../shape_fold@2x.png"; sourceTree = "<group>"; };
		9D9771E91ED5281D005EAC95 /* shape_fold@3x.png */ = {isa = PBXFileReference; lastKnownFileType = image.png; name = "shape_fold@3x.png"; path = "../shape_fold@3x.png"; sourceTree = "<group>"; };
		9D9771EA1ED5281D005EAC95 /* tips_youhui.png */ = {isa = PBXFileReference; lastKnownFileType = image.png; name = tips_youhui.png; path = ../tips_youhui.png; sourceTree = "<group>"; };
		9D9771EB1ED5281D005EAC95 /* tips_youhui@2x.png */ = {isa = PBXFileReference; lastKnownFileType = image.png; name = "tips_youhui@2x.png"; path = "../tips_youhui@2x.png"; sourceTree = "<group>"; };
		9D9771EC1ED5281D005EAC95 /* tips_youhui@3x.png */ = {isa = PBXFileReference; lastKnownFileType = image.png; name = "tips_youhui@3x.png"; path = "../tips_youhui@3x.png"; sourceTree = "<group>"; };
		B1F76F225114F462ED6266F6 /* Pods-MyWorShip.debug.xcconfig */ = {isa = PBXFileReference; includeInIndex = 1; lastKnownFileType = text.xcconfig; name = "Pods-MyWorShip.debug.xcconfig"; path = "Pods/Target Support Files/Pods-MyWorShip/Pods-MyWorShip.debug.xcconfig"; sourceTree = "<group>"; };
		F4C3DF5CDFAB03E9178A1432 /* Pods-MyWorShip.release.xcconfig */ = {isa = PBXFileReference; includeInIndex = 1; lastKnownFileType = text.xcconfig; name = "Pods-MyWorShip.release.xcconfig"; path = "Pods/Target Support Files/Pods-MyWorShip/Pods-MyWorShip.release.xcconfig"; sourceTree = "<group>"; };
/* End PBXFileReference section */

/* Begin PBXFrameworksBuildPhase section */
		9D9771531ED41BB9005EAC95 /* Frameworks */ = {
			isa = PBXFrameworksBuildPhase;
			buildActionMask = 2147483647;
			files = (
				F03DFB4F8BA6C4BBBE633D48 /* libPods-MyWorShip.a in Frameworks */,
			);
			runOnlyForDeploymentPostprocessing = 0;
		};
		9D97716C1ED41BB9005EAC95 /* Frameworks */ = {
			isa = PBXFrameworksBuildPhase;
			buildActionMask = 2147483647;
			files = (
			);
			runOnlyForDeploymentPostprocessing = 0;
		};
		9D9771771ED41BB9005EAC95 /* Frameworks */ = {
			isa = PBXFrameworksBuildPhase;
			buildActionMask = 2147483647;
			files = (
			);
			runOnlyForDeploymentPostprocessing = 0;
		};
/* End PBXFrameworksBuildPhase section */

/* Begin PBXGroup section */
		5325F16D1562C456528C6514 /* Pods */ = {
			isa = PBXGroup;
			children = (
				B1F76F225114F462ED6266F6 /* Pods-MyWorShip.debug.xcconfig */,
				F4C3DF5CDFAB03E9178A1432 /* Pods-MyWorShip.release.xcconfig */,
			);
			name = Pods;
			sourceTree = "<group>";
		};
		595267C30573E96D06F93653 /* Frameworks */ = {
			isa = PBXGroup;
			children = (
				8A10E7D0553C7BC98CFE26DD /* libPods-MyWorShip.a */,
			);
			name = Frameworks;
			sourceTree = "<group>";
		};
		9D97714D1ED41BB9005EAC95 = {
			isa = PBXGroup;
			children = (
				9D9771581ED41BB9005EAC95 /* MyWorShip */,
				9D9771721ED41BB9005EAC95 /* MyWorShipTests */,
				9D97717D1ED41BB9005EAC95 /* MyWorShipUITests */,
				9D9771571ED41BB9005EAC95 /* Products */,
				5325F16D1562C456528C6514 /* Pods */,
				595267C30573E96D06F93653 /* Frameworks */,
			);
			sourceTree = "<group>";
		};
		9D9771571ED41BB9005EAC95 /* Products */ = {
			isa = PBXGroup;
			children = (
				9D9771561ED41BB9005EAC95 /* MyWorShip.app */,
				9D97716F1ED41BB9005EAC95 /* MyWorShipTests.xctest */,
				9D97717A1ED41BB9005EAC95 /* MyWorShipUITests.xctest */,
			);
			name = Products;
			sourceTree = "<group>";
		};
		9D9771581ED41BB9005EAC95 /* MyWorShip */ = {
			isa = PBXGroup;
			children = (
				9D97715C1ED41BB9005EAC95 /* AppDelegate.h */,
				9D97715D1ED41BB9005EAC95 /* AppDelegate.m */,
				9D97715F1ED41BB9005EAC95 /* ViewController.h */,
				9D9771601ED41BB9005EAC95 /* ViewController.m */,
				9D97718D1ED42D49005EAC95 /* MyClass.h */,
				9D97718E1ED42D49005EAC95 /* MyClass.m */,
				9D9771DA1ED4346E005EAC95 /* 自定义属性 */,
				9D9771901ED42D59005EAC95 /* 首页 */,
				9D9771621ED41BB9005EAC95 /* Main.storyboard */,
				9D9771651ED41BB9005EAC95 /* Assets.xcassets */,
				9D9771671ED41BB9005EAC95 /* LaunchScreen.storyboard */,
				9D97716A1ED41BB9005EAC95 /* Info.plist */,
				9D9771591ED41BB9005EAC95 /* Supporting Files */,
				9D97718C1ED42989005EAC95 /* MyPCH.pch */,
				9D9771941ED4330F005EAC95 /* imgs */,
			);
			path = MyWorShip;
			sourceTree = "<group>";
		};
		9D9771591ED41BB9005EAC95 /* Supporting Files */ = {
			isa = PBXGroup;
			children = (
				9D97715A1ED41BB9005EAC95 /* main.m */,
			);
			name = "Supporting Files";
			sourceTree = "<group>";
		};
		9D9771721ED41BB9005EAC95 /* MyWorShipTests */ = {
			isa = PBXGroup;
			children = (
				9D9771731ED41BB9005EAC95 /* MyWorShipTests.m */,
				9D9771751ED41BB9005EAC95 /* Info.plist */,
			);
			path = MyWorShipTests;
			sourceTree = "<group>";
		};
		9D97717D1ED41BB9005EAC95 /* MyWorShipUITests */ = {
			isa = PBXGroup;
			children = (
				9D97717E1ED41BB9005EAC95 /* MyWorShipUITests.m */,
				9D9771801ED41BB9005EAC95 /* Info.plist */,
			);
			path = MyWorShipUITests;
			sourceTree = "<group>";
		};
		9D9771901ED42D59005EAC95 /* 首页 */ = {
			isa = PBXGroup;
			children = (
				9D9771911ED42D72005EAC95 /* HomeViewController.h */,
				9D9771921ED42D72005EAC95 /* HomeViewController.m */,
				9D9771DE1ED437A3005EAC95 /* LocationAnnotationView.h */,
				9D9771DF1ED437A3005EAC95 /* LocationAnnotationView.m */,
			);
			name = "首页";
			sourceTree = "<group>";
		};
		9D9771941ED4330F005EAC95 /* imgs */ = {
			isa = PBXGroup;
			children = (
				9D9771951ED4331B005EAC95 /* ios */,
			);
			name = imgs;
			sourceTree = "<group>";
		};
		9D9771951ED4331B005EAC95 /* ios */ = {
			isa = PBXGroup;
			children = (
				9D9771E41ED5281D005EAC95 /* icon_up.png */,
				9D9771E51ED5281D005EAC95 /* icon_up@2x.png */,
				9D9771E61ED5281D005EAC95 /* icon_up@3x.png */,
				9D9771E71ED5281D005EAC95 /* shape_fold.png */,
				9D9771E81ED5281D005EAC95 /* shape_fold@2x.png */,
				9D9771E91ED5281D005EAC95 /* shape_fold@3x.png */,
				9D9771EA1ED5281D005EAC95 /* tips_youhui.png */,
				9D9771EB1ED5281D005EAC95 /* tips_youhui@2x.png */,
				9D9771EC1ED5281D005EAC95 /* tips_youhui@3x.png */,
				9D9771961ED4331B005EAC95 /* btn_scan.png */,
				9D9771971ED4331B005EAC95 /* btn_scan@2x.png */,
				9D9771981ED4331B005EAC95 /* btn_scan@3x.png */,
				9D9771991ED4331B005EAC95 /* icon_dingwei.png */,
				9D97719A1ED4331B005EAC95 /* icon_dingwei@2x.png */,
				9D97719B1ED4331B005EAC95 /* icon_dingwei@3x.png */,
				9D97719C1ED4331B005EAC95 /* icon_down.png */,
				9D97719D1ED4331B005EAC95 /* icon_down@2x.png */,
				9D97719E1ED4331B005EAC95 /* icon_down@3x.png */,
				9D97719F1ED4331B005EAC95 /* icon_fankui.png */,
				9D9771A01ED4331B005EAC95 /* icon_fankui@2x.png */,
				9D9771A11ED4331B005EAC95 /* icon_fankui@3x.png */,
				9D9771A21ED4331B005EAC95 /* icon_location.png */,
				9D9771A31ED4331B005EAC95 /* icon_location@2x.png */,
				9D9771A41ED4331B005EAC95 /* icon_location@3x.png */,
				9D9771A51ED4331B005EAC95 /* icon_mine.png */,
				9D9771A61ED4331B005EAC95 /* icon_mine@2x.png */,
				9D9771A71ED4331B005EAC95 /* icon_mine@3x.png */,
				9D9771A81ED4331B005EAC95 /* icon_place.png */,
				9D9771A91ED4331B005EAC95 /* icon_place@2x.png */,
				9D9771AA1ED4331B005EAC95 /* icon_place@3x.png */,
				9D9771AB1ED4331B005EAC95 /* icon_saoyisao.png */,
				9D9771AC1ED4331B005EAC95 /* icon_saoyisao@2x.png */,
				9D9771AD1ED4331B005EAC95 /* icon_saoyisao@3x.png */,
				9D9771AE1ED4331B005EAC95 /* icon_youhui.png */,
				9D9771AF1ED4331B005EAC95 /* icon_youhui@2x.png */,
				9D9771B01ED4331B005EAC95 /* icon_youhui@3x.png */,
				9D9771B11ED4331B005EAC95 /* icon_zuobiao.png */,
				9D9771B21ED4331B005EAC95 /* icon_zuobiao@2x.png */,
				9D9771B31ED4331B005EAC95 /* icon_zuobiao@3x.png */,
				9D9771B41ED4331B005EAC95 /* shape_unfold.png */,
				9D9771B51ED4331B005EAC95 /* shape_unfold@2x.png */,
				9D9771B61ED4331B005EAC95 /* shape_unfold@3x.png */,
				9D9771B71ED4331B005EAC95 /* 首页_展开_parker.png */,
			);
			path = ios;
			sourceTree = "<group>";
		};
		9D9771DA1ED4346E005EAC95 /* 自定义属性 */ = {
			isa = PBXGroup;
			children = (
				9D9771DB1ED4348B005EAC95 /* MyButton.h */,
				9D9771DC1ED4348B005EAC95 /* MyButton.m */,
				9D9771E11ED43AEA005EAC95 /* MyImage.h */,
				9D9771E21ED43AEA005EAC95 /* MyImage.m */,
			);
			name = "自定义属性";
			sourceTree = "<group>";
		};
/* End PBXGroup section */

/* Begin PBXNativeTarget section */
		9D9771551ED41BB9005EAC95 /* MyWorShip */ = {
			isa = PBXNativeTarget;
			buildConfigurationList = 9D9771831ED41BB9005EAC95 /* Build configuration list for PBXNativeTarget "MyWorShip" */;
			buildPhases = (
				1A94B3B1DD45B5E9ADBAC672 /* [CP] Check Pods Manifest.lock */,
				9D9771521ED41BB9005EAC95 /* Sources */,
				9D9771531ED41BB9005EAC95 /* Frameworks */,
				9D9771541ED41BB9005EAC95 /* Resources */,
				A8FDF4BE44C8505977D14CA7 /* [CP] Embed Pods Frameworks */,
				25200556E549872BA85A41C8 /* [CP] Copy Pods Resources */,
			);
			buildRules = (
			);
			dependencies = (
			);
			name = MyWorShip;
			productName = MyWorShip;
			productReference = 9D9771561ED41BB9005EAC95 /* MyWorShip.app */;
			productType = "com.apple.product-type.application";
		};
		9D97716E1ED41BB9005EAC95 /* MyWorShipTests */ = {
			isa = PBXNativeTarget;
			buildConfigurationList = 9D9771861ED41BB9005EAC95 /* Build configuration list for PBXNativeTarget "MyWorShipTests" */;
			buildPhases = (
				9D97716B1ED41BB9005EAC95 /* Sources */,
				9D97716C1ED41BB9005EAC95 /* Frameworks */,
				9D97716D1ED41BB9005EAC95 /* Resources */,
			);
			buildRules = (
			);
			dependencies = (
				9D9771711ED41BB9005EAC95 /* PBXTargetDependency */,
			);
			name = MyWorShipTests;
			productName = MyWorShipTests;
			productReference = 9D97716F1ED41BB9005EAC95 /* MyWorShipTests.xctest */;
			productType = "com.apple.product-type.bundle.unit-test";
		};
		9D9771791ED41BB9005EAC95 /* MyWorShipUITests */ = {
			isa = PBXNativeTarget;
			buildConfigurationList = 9D9771891ED41BB9005EAC95 /* Build configuration list for PBXNativeTarget "MyWorShipUITests" */;
			buildPhases = (
				9D9771761ED41BB9005EAC95 /* Sources */,
				9D9771771ED41BB9005EAC95 /* Frameworks */,
				9D9771781ED41BB9005EAC95 /* Resources */,
			);
			buildRules = (
			);
			dependencies = (
				9D97717C1ED41BB9005EAC95 /* PBXTargetDependency */,
			);
			name = MyWorShipUITests;
			productName = MyWorShipUITests;
			productReference = 9D97717A1ED41BB9005EAC95 /* MyWorShipUITests.xctest */;
			productType = "com.apple.product-type.bundle.ui-testing";
		};
/* End PBXNativeTarget section */

/* Begin PBXProject section */
		9D97714E1ED41BB9005EAC95 /* Project object */ = {
			isa = PBXProject;
			attributes = {
				LastUpgradeCheck = 0830;
				ORGANIZATIONNAME = 123;
				TargetAttributes = {
					9D9771551ED41BB9005EAC95 = {
						CreatedOnToolsVersion = 8.3.2;
						DevelopmentTeam = 57H4K7W67N;
						ProvisioningStyle = Automatic;
					};
					9D97716E1ED41BB9005EAC95 = {
						CreatedOnToolsVersion = 8.3.2;
						DevelopmentTeam = 57H4K7W67N;
						ProvisioningStyle = Automatic;
						TestTargetID = 9D9771551ED41BB9005EAC95;
					};
					9D9771791ED41BB9005EAC95 = {
						CreatedOnToolsVersion = 8.3.2;
						DevelopmentTeam = 57H4K7W67N;
						ProvisioningStyle = Automatic;
						TestTargetID = 9D9771551ED41BB9005EAC95;
					};
				};
			};
			buildConfigurationList = 9D9771511ED41BB9005EAC95 /* Build configuration list for PBXProject "MyWorShip" */;
			compatibilityVersion = "Xcode 3.2";
			developmentRegion = English;
			hasScannedForEncodings = 0;
			knownRegions = (
				en,
				Base,
			);
			mainGroup = 9D97714D1ED41BB9005EAC95;
			productRefGroup = 9D9771571ED41BB9005EAC95 /* Products */;
			projectDirPath = "";
			projectRoot = "";
			targets = (
				9D9771551ED41BB9005EAC95 /* MyWorShip */,
				9D97716E1ED41BB9005EAC95 /* MyWorShipTests */,
				9D9771791ED41BB9005EAC95 /* MyWorShipUITests */,
			);
		};
/* End PBXProject section */

/* Begin PBXResourcesBuildPhase section */
		9D9771541ED41BB9005EAC95 /* Resources */ = {
			isa = PBXResourcesBuildPhase;
			buildActionMask = 2147483647;
			files = (
				9D9771BD1ED4331B005EAC95 /* icon_dingwei@3x.png in Resources */,
				9D9771EF1ED5281D005EAC95 /* icon_up@3x.png in Resources */,
				9D9771D01ED4331B005EAC95 /* icon_youhui.png in Resources */,
				9D9771D51ED4331B005EAC95 /* icon_zuobiao@3x.png in Resources */,
				9D9771691ED41BB9005EAC95 /* LaunchScreen.storyboard in Resources */,
				9D9771CF1ED4331B005EAC95 /* icon_saoyisao@3x.png in Resources */,
				9D9771D81ED4331B005EAC95 /* shape_unfold@3x.png in Resources */,
				9D9771C01ED4331B005EAC95 /* icon_down@3x.png in Resources */,
				9D9771CB1ED4331B005EAC95 /* icon_place@2x.png in Resources */,
				9D9771D11ED4331B005EAC95 /* icon_youhui@2x.png in Resources */,
				9D9771CC1ED4331B005EAC95 /* icon_place@3x.png in Resources */,
				9D9771F11ED5281D005EAC95 /* shape_fold@2x.png in Resources */,
				9D9771C31ED4331B005EAC95 /* icon_fankui@3x.png in Resources */,
				9D9771F21ED5281D005EAC95 /* shape_fold@3x.png in Resources */,
				9D9771ED1ED5281D005EAC95 /* icon_up.png in Resources */,
				9D9771C21ED4331B005EAC95 /* icon_fankui@2x.png in Resources */,
				9D9771F41ED5281D005EAC95 /* tips_youhui@2x.png in Resources */,
				9D9771C91ED4331B005EAC95 /* icon_mine@3x.png in Resources */,
				9D9771D31ED4331B005EAC95 /* icon_zuobiao.png in Resources */,
				9D9771D91ED4331B005EAC95 /* 首页_展开_parker.png in Resources */,
				9D9771C41ED4331B005EAC95 /* icon_location.png in Resources */,
				9D9771CE1ED4331B005EAC95 /* icon_saoyisao@2x.png in Resources */,
				9D9771D21ED4331B005EAC95 /* icon_youhui@3x.png in Resources */,
				9D9771C81ED4331B005EAC95 /* icon_mine@2x.png in Resources */,
				9D9771C51ED4331B005EAC95 /* icon_location@2x.png in Resources */,
				9D9771EE1ED5281D005EAC95 /* icon_up@2x.png in Resources */,
				9D9771D41ED4331B005EAC95 /* icon_zuobiao@2x.png in Resources */,
				9D9771BA1ED4331B005EAC95 /* btn_scan@3x.png in Resources */,
				9D9771F01ED5281D005EAC95 /* shape_fold.png in Resources */,
				9D9771661ED41BB9005EAC95 /* Assets.xcassets in Resources */,
				9D9771BB1ED4331B005EAC95 /* icon_dingwei.png in Resources */,
				9D9771641ED41BB9005EAC95 /* Main.storyboard in Resources */,
				9D9771BE1ED4331B005EAC95 /* icon_down.png in Resources */,
				9D9771F31ED5281D005EAC95 /* tips_youhui.png in Resources */,
				9D9771CA1ED4331B005EAC95 /* icon_place.png in Resources */,
				9D9771C11ED4331B005EAC95 /* icon_fankui.png in Resources */,
				9D9771F51ED5281D005EAC95 /* tips_youhui@3x.png in Resources */,
				9D9771BF1ED4331B005EAC95 /* icon_down@2x.png in Resources */,
				9D9771B91ED4331B005EAC95 /* btn_scan@2x.png in Resources */,
				9D9771D71ED4331B005EAC95 /* shape_unfold@2x.png in Resources */,
				9D9771C71ED4331B005EAC95 /* icon_mine.png in Resources */,
				9D9771CD1ED4331B005EAC95 /* icon_saoyisao.png in Resources */,
				9D9771C61ED4331B005EAC95 /* icon_location@3x.png in Resources */,
				9D9771D61ED4331B005EAC95 /* shape_unfold.png in Resources */,
				9D9771B81ED4331B005EAC95 /* btn_scan.png in Resources */,
				9D9771BC1ED4331B005EAC95 /* icon_dingwei@2x.png in Resources */,
			);
			runOnlyForDeploymentPostprocessing = 0;
		};
		9D97716D1ED41BB9005EAC95 /* Resources */ = {
			isa = PBXResourcesBuildPhase;
			buildActionMask = 2147483647;
			files = (
			);
			runOnlyForDeploymentPostprocessing = 0;
		};
		9D9771781ED41BB9005EAC95 /* Resources */ = {
			isa = PBXResourcesBuildPhase;
			buildActionMask = 2147483647;
			files = (
			);
			runOnlyForDeploymentPostprocessing = 0;
		};
/* End PBXResourcesBuildPhase section */

/* Begin PBXShellScriptBuildPhase section */
		1A94B3B1DD45B5E9ADBAC672 /* [CP] Check Pods Manifest.lock */ = {
			isa = PBXShellScriptBuildPhase;
			buildActionMask = 2147483647;
			files = (
			);
			inputPaths = (
			);
			name = "[CP] Check Pods Manifest.lock";
			outputPaths = (
			);
			runOnlyForDeploymentPostprocessing = 0;
			shellPath = /bin/sh;
			shellScript = "diff \"${PODS_ROOT}/../Podfile.lock\" \"${PODS_ROOT}/Manifest.lock\" > /dev/null\nif [ $? != 0 ] ; then\n    # print error to STDERR\n    echo \"error: The sandbox is not in sync with the Podfile.lock. Run 'pod install' or update your CocoaPods installation.\" >&2\n    exit 1\nfi\n";
			showEnvVarsInLog = 0;
		};
		25200556E549872BA85A41C8 /* [CP] Copy Pods Resources */ = {
			isa = PBXShellScriptBuildPhase;
			buildActionMask = 2147483647;
			files = (
			);
			inputPaths = (
			);
			name = "[CP] Copy Pods Resources";
			outputPaths = (
			);
			runOnlyForDeploymentPostprocessing = 0;
			shellPath = /bin/sh;
			shellScript = "\"${SRCROOT}/Pods/Target Support Files/Pods-MyWorShip/Pods-MyWorShip-resources.sh\"\n";
			showEnvVarsInLog = 0;
		};
		A8FDF4BE44C8505977D14CA7 /* [CP] Embed Pods Frameworks */ = {
			isa = PBXShellScriptBuildPhase;
			buildActionMask = 2147483647;
			files = (
			);
			inputPaths = (
			);
			name = "[CP] Embed Pods Frameworks";
			outputPaths = (
			);
			runOnlyForDeploymentPostprocessing = 0;
			shellPath = /bin/sh;
			shellScript = "\"${SRCROOT}/Pods/Target Support Files/Pods-MyWorShip/Pods-MyWorShip-frameworks.sh\"\n";
			showEnvVarsInLog = 0;
		};
/* End PBXShellScriptBuildPhase section */

/* Begin PBXSourcesBuildPhase section */
		9D9771521ED41BB9005EAC95 /* Sources */ = {
			isa = PBXSourcesBuildPhase;
			buildActionMask = 2147483647;
			files = (
				9D97718F1ED42D49005EAC95 /* MyClass.m in Sources */,
				9D9771611ED41BB9005EAC95 /* ViewController.m in Sources */,
				9D97715E1ED41BB9005EAC95 /* AppDelegate.m in Sources */,
				9D9771DD1ED4348B005EAC95 /* MyButton.m in Sources */,
				9D9771931ED42D72005EAC95 /* HomeViewController.m in Sources */,
				9D9771E31ED43AEA005EAC95 /* MyImage.m in Sources */,
				9D97715B1ED41BB9005EAC95 /* main.m in Sources */,
				9D9771E01ED437A3005EAC95 /* LocationAnnotationView.m in Sources */,
			);
			runOnlyForDeploymentPostprocessing = 0;
		};
		9D97716B1ED41BB9005EAC95 /* Sources */ = {
			isa = PBXSourcesBuildPhase;
			buildActionMask = 2147483647;
			files = (
				9D9771741ED41BB9005EAC95 /* MyWorShipTests.m in Sources */,
			);
			runOnlyForDeploymentPostprocessing = 0;
		};
		9D9771761ED41BB9005EAC95 /* Sources */ = {
			isa = PBXSourcesBuildPhase;
			buildActionMask = 2147483647;
			files = (
				9D97717F1ED41BB9005EAC95 /* MyWorShipUITests.m in Sources */,
			);
			runOnlyForDeploymentPostprocessing = 0;
		};
/* End PBXSourcesBuildPhase section */

/* Begin PBXTargetDependency section */
		9D9771711ED41BB9005EAC95 /* PBXTargetDependency */ = {
			isa = PBXTargetDependency;
			target = 9D9771551ED41BB9005EAC95 /* MyWorShip */;
			targetProxy = 9D9771701ED41BB9005EAC95 /* PBXContainerItemProxy */;
		};
		9D97717C1ED41BB9005EAC95 /* PBXTargetDependency */ = {
			isa = PBXTargetDependency;
			target = 9D9771551ED41BB9005EAC95 /* MyWorShip */;
			targetProxy = 9D97717B1ED41BB9005EAC95 /* PBXContainerItemProxy */;
		};
/* End PBXTargetDependency section */

/* Begin PBXVariantGroup section */
		9D9771621ED41BB9005EAC95 /* Main.storyboard */ = {
			isa = PBXVariantGroup;
			children = (
				9D9771631ED41BB9005EAC95 /* Base */,
			);
			name = Main.storyboard;
			sourceTree = "<group>";
		};
		9D9771671ED41BB9005EAC95 /* LaunchScreen.storyboard */ = {
			isa = PBXVariantGroup;
			children = (
				9D9771681ED41BB9005EAC95 /* Base */,
			);
			name = LaunchScreen.storyboard;
			sourceTree = "<group>";
		};
/* End PBXVariantGroup section */

/* Begin XCBuildConfiguration section */
		9D9771811ED41BB9005EAC95 /* Debug */ = {
			isa = XCBuildConfiguration;
			buildSettings = {
				ALWAYS_SEARCH_USER_PATHS = NO;
				CLANG_ANALYZER_NONNULL = YES;
				CLANG_ANALYZER_NUMBER_OBJECT_CONVERSION = YES_AGGRESSIVE;
				CLANG_CXX_LANGUAGE_STANDARD = "gnu++0x";
				CLANG_CXX_LIBRARY = "libc++";
				CLANG_ENABLE_MODULES = YES;
				CLANG_ENABLE_OBJC_ARC = YES;
				CLANG_WARN_BOOL_CONVERSION = YES;
				CLANG_WARN_CONSTANT_CONVERSION = YES;
				CLANG_WARN_DIRECT_OBJC_ISA_USAGE = YES_ERROR;
				CLANG_WARN_DOCUMENTATION_COMMENTS = YES;
				CLANG_WARN_EMPTY_BODY = YES;
				CLANG_WARN_ENUM_CONVERSION = YES;
				CLANG_WARN_INFINITE_RECURSION = YES;
				CLANG_WARN_INT_CONVERSION = YES;
				CLANG_WARN_OBJC_ROOT_CLASS = YES_ERROR;
				CLANG_WARN_SUSPICIOUS_MOVE = YES;
				CLANG_WARN_UNREACHABLE_CODE = YES;
				CLANG_WARN__DUPLICATE_METHOD_MATCH = YES;
				"CODE_SIGN_IDENTITY[sdk=iphoneos*]" = "iPhone Developer";
				COPY_PHASE_STRIP = NO;
				DEBUG_INFORMATION_FORMAT = dwarf;
				ENABLE_STRICT_OBJC_MSGSEND = YES;
				ENABLE_TESTABILITY = YES;
				GCC_C_LANGUAGE_STANDARD = gnu99;
				GCC_DYNAMIC_NO_PIC = NO;
				GCC_NO_COMMON_BLOCKS = YES;
				GCC_OPTIMIZATION_LEVEL = 0;
				GCC_PREPROCESSOR_DEFINITIONS = (
					"DEBUG=1",
					"$(inherited)",
				);
				GCC_WARN_64_TO_32_BIT_CONVERSION = YES;
				GCC_WARN_ABOUT_RETURN_TYPE = YES_ERROR;
				GCC_WARN_UNDECLARED_SELECTOR = YES;
				GCC_WARN_UNINITIALIZED_AUTOS = YES_AGGRESSIVE;
				GCC_WARN_UNUSED_FUNCTION = YES;
				GCC_WARN_UNUSED_VARIABLE = YES;
				IPHONEOS_DEPLOYMENT_TARGET = 10.3;
				MTL_ENABLE_DEBUG_INFO = YES;
				ONLY_ACTIVE_ARCH = YES;
				SDKROOT = iphoneos;
				TARGETED_DEVICE_FAMILY = "1,2";
			};
			name = Debug;
		};
		9D9771821ED41BB9005EAC95 /* Release */ = {
			isa = XCBuildConfiguration;
			buildSettings = {
				ALWAYS_SEARCH_USER_PATHS = NO;
				CLANG_ANALYZER_NONNULL = YES;
				CLANG_ANALYZER_NUMBER_OBJECT_CONVERSION = YES_AGGRESSIVE;
				CLANG_CXX_LANGUAGE_STANDARD = "gnu++0x";
				CLANG_CXX_LIBRARY = "libc++";
				CLANG_ENABLE_MODULES = YES;
				CLANG_ENABLE_OBJC_ARC = YES;
				CLANG_WARN_BOOL_CONVERSION = YES;
				CLANG_WARN_CONSTANT_CONVERSION = YES;
				CLANG_WARN_DIRECT_OBJC_ISA_USAGE = YES_ERROR;
				CLANG_WARN_DOCUMENTATION_COMMENTS = YES;
				CLANG_WARN_EMPTY_BODY = YES;
				CLANG_WARN_ENUM_CONVERSION = YES;
				CLANG_WARN_INFINITE_RECURSION = YES;
				CLANG_WARN_INT_CONVERSION = YES;
				CLANG_WARN_OBJC_ROOT_CLASS = YES_ERROR;
				CLANG_WARN_SUSPICIOUS_MOVE = YES;
				CLANG_WARN_UNREACHABLE_CODE = YES;
				CLANG_WARN__DUPLICATE_METHOD_MATCH = YES;
				"CODE_SIGN_IDENTITY[sdk=iphoneos*]" = "iPhone Developer";
				COPY_PHASE_STRIP = NO;
				DEBUG_INFORMATION_FORMAT = "dwarf-with-dsym";
				ENABLE_NS_ASSERTIONS = NO;
				ENABLE_STRICT_OBJC_MSGSEND = YES;
				GCC_C_LANGUAGE_STANDARD = gnu99;
				GCC_NO_COMMON_BLOCKS = YES;
				GCC_WARN_64_TO_32_BIT_CONVERSION = YES;
				GCC_WARN_ABOUT_RETURN_TYPE = YES_ERROR;
				GCC_WARN_UNDECLARED_SELECTOR = YES;
				GCC_WARN_UNINITIALIZED_AUTOS = YES_AGGRESSIVE;
				GCC_WARN_UNUSED_FUNCTION = YES;
				GCC_WARN_UNUSED_VARIABLE = YES;
				IPHONEOS_DEPLOYMENT_TARGET = 10.3;
				MTL_ENABLE_DEBUG_INFO = NO;
				SDKROOT = iphoneos;
				TARGETED_DEVICE_FAMILY = "1,2";
				VALIDATE_PRODUCT = YES;
			};
			name = Release;
		};
		9D9771841ED41BB9005EAC95 /* Debug */ = {
			isa = XCBuildConfiguration;
			baseConfigurationReference = B1F76F225114F462ED6266F6 /* Pods-MyWorShip.debug.xcconfig */;
			buildSettings = {
				ASSETCATALOG_COMPILER_APPICON_NAME = AppIcon;
				DEVELOPMENT_TEAM = 57H4K7W67N;
				GCC_PREFIX_HEADER = "/Users/a123/Desktop/奇拜/MyWorShip/MyWorShip/MyPCH.pch";
				INFOPLIST_FILE = MyWorShip/Info.plist;
				LD_RUNPATH_SEARCH_PATHS = "$(inherited) @executable_path/Frameworks";
				PRODUCT_BUNDLE_IDENTIFIER = MyWorShipIsMrHan;
				PRODUCT_NAME = "$(TARGET_NAME)";
			};
			name = Debug;
		};
		9D9771851ED41BB9005EAC95 /* Release */ = {
			isa = XCBuildConfiguration;
			baseConfigurationReference = F4C3DF5CDFAB03E9178A1432 /* Pods-MyWorShip.release.xcconfig */;
			buildSettings = {
				ASSETCATALOG_COMPILER_APPICON_NAME = AppIcon;
				DEVELOPMENT_TEAM = 57H4K7W67N;
				GCC_PREFIX_HEADER = "/Users/a123/Desktop/奇拜/MyWorShip/MyWorShip/MyPCH.pch";
				INFOPLIST_FILE = MyWorShip/Info.plist;
				LD_RUNPATH_SEARCH_PATHS = "$(inherited) @executable_path/Frameworks";
				PRODUCT_BUNDLE_IDENTIFIER = MyWorShipIsMrHan;
				PRODUCT_NAME = "$(TARGET_NAME)";
			};
			name = Release;
		};
		9D9771871ED41BB9005EAC95 /* Debug */ = {
			isa = XCBuildConfiguration;
			buildSettings = {
				BUNDLE_LOADER = "$(TEST_HOST)";
				DEVELOPMENT_TEAM = 57H4K7W67N;
				INFOPLIST_FILE = MyWorShipTests/Info.plist;
				LD_RUNPATH_SEARCH_PATHS = "$(inherited) @executable_path/Frameworks @loader_path/Frameworks";
				PRODUCT_BUNDLE_IDENTIFIER = MyWorShipIsMrHan.MyWorShipTests;
				PRODUCT_NAME = "$(TARGET_NAME)";
				TEST_HOST = "$(BUILT_PRODUCTS_DIR)/MyWorShip.app/MyWorShip";
			};
			name = Debug;
		};
		9D9771881ED41BB9005EAC95 /* Release */ = {
			isa = XCBuildConfiguration;
			buildSettings = {
				BUNDLE_LOADER = "$(TEST_HOST)";
				DEVELOPMENT_TEAM = 57H4K7W67N;
				INFOPLIST_FILE = MyWorShipTests/Info.plist;
				LD_RUNPATH_SEARCH_PATHS = "$(inherited) @executable_path/Frameworks @loader_path/Frameworks";
				PRODUCT_BUNDLE_IDENTIFIER = MyWorShipIsMrHan.MyWorShipTests;
				PRODUCT_NAME = "$(TARGET_NAME)";
				TEST_HOST = "$(BUILT_PRODUCTS_DIR)/MyWorShip.app/MyWorShip";
			};
			name = Release;
		};
		9D97718A1ED41BB9005EAC95 /* Debug */ = {
			isa = XCBuildConfiguration;
			buildSettings = {
				DEVELOPMENT_TEAM = 57H4K7W67N;
				INFOPLIST_FILE = MyWorShipUITests/Info.plist;
				LD_RUNPATH_SEARCH_PATHS = "$(inherited) @executable_path/Frameworks @loader_path/Frameworks";
				PRODUCT_BUNDLE_IDENTIFIER = MyWorShipIsMrHan.MyWorShipUITests;
				PRODUCT_NAME = "$(TARGET_NAME)";
				TEST_TARGET_NAME = MyWorShip;
			};
			name = Debug;
		};
		9D97718B1ED41BB9005EAC95 /* Release */ = {
			isa = XCBuildConfiguration;
			buildSettings = {
				DEVELOPMENT_TEAM = 57H4K7W67N;
				INFOPLIST_FILE = MyWorShipUITests/Info.plist;
				LD_RUNPATH_SEARCH_PATHS = "$(inherited) @executable_path/Frameworks @loader_path/Frameworks";
				PRODUCT_BUNDLE_IDENTIFIER = MyWorShipIsMrHan.MyWorShipUITests;
				PRODUCT_NAME = "$(TARGET_NAME)";
				TEST_TARGET_NAME = MyWorShip;
			};
			name = Release;
		};
/* End XCBuildConfiguration section */

/* Begin XCConfigurationList section */
		9D9771511ED41BB9005EAC95 /* Build configuration list for PBXProject "MyWorShip" */ = {
			isa = XCConfigurationList;
			buildConfigurations = (
				9D9771811ED41BB9005EAC95 /* Debug */,
				9D9771821ED41BB9005EAC95 /* Release */,
			);
			defaultConfigurationIsVisible = 0;
			defaultConfigurationName = Release;
		};
		9D9771831ED41BB9005EAC95 /* Build configuration list for PBXNativeTarget "MyWorShip" */ = {
			isa = XCConfigurationList;
			buildConfigurations = (
				9D9771841ED41BB9005EAC95 /* Debug */,
				9D9771851ED41BB9005EAC95 /* Release */,
			);
			defaultConfigurationIsVisible = 0;
			defaultConfigurationName = Release;
		};
		9D9771861ED41BB9005EAC95 /* Build configuration list for PBXNativeTarget "MyWorShipTests" */ = {
			isa = XCConfigurationList;
			buildConfigurations = (
				9D9771871ED41BB9005EAC95 /* Debug */,
				9D9771881ED41BB9005EAC95 /* Release */,
			);
			defaultConfigurationIsVisible = 0;
			defaultConfigurationName = Release;
		};
		9D9771891ED41BB9005EAC95 /* Build configuration list for PBXNativeTarget "MyWorShipUITests" */ = {
			isa = XCConfigurationList;
			buildConfigurations = (
				9D97718A1ED41BB9005EAC95 /* Debug */,
				9D97718B1ED41BB9005EAC95 /* Release */,
			);
			defaultConfigurationIsVisible = 0;
			defaultConfigurationName = Release;
		};
/* End XCConfigurationList section */
	};
	rootObject = 9D97714E1ED41BB9005EAC95 /* Project object */;
}
